// !$*UTF8*$!
{
	archiveVersion = 1;
	classes = {
	};
	objectVersion = 46;
	objects = {

/* Begin PBXBuildFile section */
		56890C881C7705F800DF5150 /* main.cpp in Sources */ = {isa = PBXBuildFile; fileRef = 56890C871C7705F800DF5150 /* main.cpp */; };
		56890C951C770BB600DF5150 /* FastEvaluation.cpp in Sources */ = {isa = PBXBuildFile; fileRef = 56890C941C770BB600DF5150 /* FastEvaluation.cpp */; };
/* End PBXBuildFile section */

/* Begin PBXCopyFilesBuildPhase section */
		56890C821C7705F800DF5150 /* CopyFiles */ = {
			isa = PBXCopyFilesBuildPhase;
			buildActionMask = 2147483647;
			dstPath = /usr/share/man/man1/;
			dstSubfolderSpec = 0;
			files = (
			);
			runOnlyForDeploymentPostprocessing = 1;
		};
/* End PBXCopyFilesBuildPhase section */

/* Begin PBXFileReference section */
		56890C841C7705F800DF5150 /* MachineLearningToolKit */ = {isa = PBXFileReference; explicitFileType = "compiled.mach-o.executable"; includeInIndex = 0; path = MachineLearningToolKit; sourceTree = BUILT_PRODUCTS_DIR; };
		56890C871C7705F800DF5150 /* main.cpp */ = {isa = PBXFileReference; lastKnownFileType = sourcecode.cpp.cpp; path = main.cpp; sourceTree = "<group>"; };
		56890C911C77067F00DF5150 /* FastEvaluation.h */ = {isa = PBXFileReference; fileEncoding = 4; lastKnownFileType = sourcecode.c.h; path = FastEvaluation.h; sourceTree = "<group>"; };
		56890C931C77087300DF5150 /* GlobalConfig.h */ = {isa = PBXFileReference; fileEncoding = 4; lastKnownFileType = sourcecode.c.h; path = GlobalConfig.h; sourceTree = "<group>"; };
		56890C941C770BB600DF5150 /* FastEvaluation.cpp */ = {isa = PBXFileReference; fileEncoding = 4; lastKnownFileType = sourcecode.cpp.cpp; path = FastEvaluation.cpp; sourceTree = "<group>"; };
/* End PBXFileReference section */

/* Begin PBXFrameworksBuildPhase section */
		56890C811C7705F800DF5150 /* Frameworks */ = {
			isa = PBXFrameworksBuildPhase;
			buildActionMask = 2147483647;
			files = (
			);
			runOnlyForDeploymentPostprocessing = 0;
		};
/* End PBXFrameworksBuildPhase section */

/* Begin PBXGroup section */
		56890C7B1C7705F800DF5150 = {
			isa = PBXGroup;
			children = (
				56890C861C7705F800DF5150 /* MachineLearningToolKit */,
				56890C851C7705F800DF5150 /* Products */,
			);
			sourceTree = "<group>";
		};
		56890C851C7705F800DF5150 /* Products */ = {
			isa = PBXGroup;
			children = (
				56890C841C7705F800DF5150 /* MachineLearningToolKit */,
			);
			name = Products;
			sourceTree = "<group>";
		};
		56890C861C7705F800DF5150 /* MachineLearningToolKit */ = {
			isa = PBXGroup;
			children = (
				56890C921C77085800DF5150 /* GlobalConfig */,
				56890C8E1C77063C00DF5150 /* FastEvaluation */,
				56890C871C7705F800DF5150 /* main.cpp */,
			);
			path = MachineLearningToolKit;
			sourceTree = "<group>";
		};
		56890C8E1C77063C00DF5150 /* FastEvaluation */ = {
			isa = PBXGroup;
			children = (
				56890C901C77066700DF5150 /* src */,
				56890C8F1C77066200DF5150 /* headers */,
			);
			name = FastEvaluation;
			sourceTree = "<group>";
		};
		56890C8F1C77066200DF5150 /* headers */ = {
			isa = PBXGroup;
			children = (
				56890C911C77067F00DF5150 /* FastEvaluation.h */,
			);
			name = headers;
			sourceTree = "<group>";
		};
		56890C901C77066700DF5150 /* src */ = {
			isa = PBXGroup;
			children = (
				56890C941C770BB600DF5150 /* FastEvaluation.cpp */,
			);
			name = src;
			sourceTree = "<group>";
		};
		56890C921C77085800DF5150 /* GlobalConfig */ = {
			isa = PBXGroup;
			children = (
				56890C931C77087300DF5150 /* GlobalConfig.h */,
			);
			name = GlobalConfig;
			sourceTree = "<group>";
		};
/* End PBXGroup section */

/* Begin PBXNativeTarget section */
		56890C831C7705F800DF5150 /* MachineLearningToolKit */ = {
			isa = PBXNativeTarget;
			buildConfigurationList = 56890C8B1C7705F800DF5150 /* Build configuration list for PBXNativeTarget "MachineLearningToolKit" */;
			buildPhases = (
				56890C801C7705F800DF5150 /* Sources */,
				56890C811C7705F800DF5150 /* Frameworks */,
				56890C821C7705F800DF5150 /* CopyFiles */,
			);
			buildRules = (
			);
			dependencies = (
			);
			name = MachineLearningToolKit;
			productName = MachineLearningToolKit;
			productReference = 56890C841C7705F800DF5150 /* MachineLearningToolKit */;
			productType = "com.apple.product-type.tool";
		};
/* End PBXNativeTarget section */

/* Begin PBXProject section */
		56890C7C1C7705F800DF5150 /* Project object */ = {
			isa = PBXProject;
			attributes = {
				LastUpgradeCheck = 0720;
				ORGANIZATIONNAME = Charles;
				TargetAttributes = {
					56890C831C7705F800DF5150 = {
						CreatedOnToolsVersion = 7.2;
					};
				};
			};
			buildConfigurationList = 56890C7F1C7705F800DF5150 /* Build configuration list for PBXProject "MachineLearningToolKit" */;
			compatibilityVersion = "Xcode 3.2";
			developmentRegion = English;
			hasScannedForEncodings = 0;
			knownRegions = (
				en,
			);
			mainGroup = 56890C7B1C7705F800DF5150;
			productRefGroup = 56890C851C7705F800DF5150 /* Products */;
			projectDirPath = "";
			projectRoot = "";
			targets = (
				56890C831C7705F800DF5150 /* MachineLearningToolKit */,
			);
		};
/* End PBXProject section */

/* Begin PBXSourcesBuildPhase section */
		56890C801C7705F800DF5150 /* Sources */ = {
			isa = PBXSourcesBuildPhase;
			buildActionMask = 2147483647;
			files = (
				56890C881C7705F800DF5150 /* main.cpp in Sources */,
				56890C951C770BB600DF5150 /* FastEvaluation.cpp in Sources */,
			);
			runOnlyForDeploymentPostprocessing = 0;
		};
/* End PBXSourcesBuildPhase section */

/* Begin XCBuildConfiguration section */
		56890C891C7705F800DF5150 /* Debug */ = {
			isa = XCBuildConfiguration;
			buildSettings = {
				ALWAYS_SEARCH_USER_PATHS = NO;
				CLANG_CXX_LANGUAGE_STANDARD = "gnu++0x";
				CLANG_CXX_LIBRARY = "libc++";
				CLANG_ENABLE_MODULES = YES;
				CLANG_ENABLE_OBJC_ARC = YES;
				CLANG_WARN_BOOL_CONVERSION = YES;
				CLANG_WARN_CONSTANT_CONVERSION = YES;
				CLANG_WARN_DIRECT_OBJC_ISA_USAGE = YES_ERROR;
				CLANG_WARN_EMPTY_BODY = YES;
				CLANG_WARN_ENUM_CONVERSION = YES;
				CLANG_WARN_INT_CONVERSION = YES;
				CLANG_WARN_OBJC_ROOT_CLASS = YES_ERROR;
				CLANG_WARN_UNREACHABLE_CODE = YES;
				CLANG_WARN__DUPLICATE_METHOD_MATCH = YES;
				CODE_SIGN_IDENTITY = "-";
				COPY_PHASE_STRIP = NO;
				DEBUG_INFORMATION_FORMAT = dwarf;
				ENABLE_STRICT_OBJC_MSGSEND = YES;
				ENABLE_TESTABILITY = YES;
				GCC_C_LANGUAGE_STANDARD = gnu99;
				GCC_DYNAMIC_NO_PIC = NO;
				GCC_NO_COMMON_BLOCKS = YES;
				GCC_OPTIMIZATION_LEVEL = 0;
				GCC_PREPROCESSOR_DEFINITIONS = (
					"DEBUG=1",
					"$(inherited)",
				);
				GCC_WARN_64_TO_32_BIT_CONVERSION = YES;
				GCC_WARN_ABOUT_RETURN_TYPE = YES_ERROR;
				GCC_WARN_UNDECLARED_SELECTOR = YES;
				GCC_WARN_UNINITIALIZED_AUTOS = YES_AGGRESSIVE;
				GCC_WARN_UNUSED_FUNCTION = YES;
				GCC_WARN_UNUSED_VARIABLE = YES;
				MACOSX_DEPLOYMENT_TARGET = 10.11;
				MTL_ENABLE_DEBUG_INFO = YES;
				ONLY_ACTIVE_ARCH = YES;
				SDKROOT = macosx;
			};
			name = Debug;
		};
		56890C8A1C7705F800DF5150 /* Release */ = {
			isa = XCBuildConfiguration;
			buildSettings = {
				ALWAYS_SEARCH_USER_PATHS = NO;
				CLANG_CXX_LANGUAGE_STANDARD = "gnu++0x";
				CLANG_CXX_LIBRARY = "libc++";
				CLANG_ENABLE_MODULES = YES;
				CLANG_ENABLE_OBJC_ARC = YES;
				CLANG_WARN_BOOL_CONVERSION = YES;
				CLANG_WARN_CONSTANT_CONVERSION = YES;
				CLANG_WARN_DIRECT_OBJC_ISA_USAGE = YES_ERROR;
				CLANG_WARN_EMPTY_BODY = YES;
				CLANG_WARN_ENUM_CONVERSION = YES;
				CLANG_WARN_INT_CONVERSION = YES;
				CLANG_WARN_OBJC_ROOT_CLASS = YES_ERROR;
				CLANG_WARN_UNREACHABLE_CODE = YES;
				CLANG_WARN__DUPLICATE_METHOD_MATCH = YES;
				CODE_SIGN_IDENTITY = "-";
				COPY_PHASE_STRIP = NO;
				DEBUG_INFORMATION_FORMAT = "dwarf-with-dsym";
				ENABLE_NS_ASSERTIONS = NO;
				ENABLE_STRICT_OBJC_MSGSEND = YES;
				GCC_C_LANGUAGE_STANDARD = gnu99;
				GCC_NO_COMMON_BLOCKS = YES;
				GCC_WARN_64_TO_32_BIT_CONVERSION = YES;
				GCC_WARN_ABOUT_RETURN_TYPE = YES_ERROR;
				GCC_WARN_UNDECLARED_SELECTOR = YES;
				GCC_WARN_UNINITIALIZED_AUTOS = YES_AGGRESSIVE;
				GCC_WARN_UNUSED_FUNCTION = YES;
				GCC_WARN_UNUSED_VARIABLE = YES;
				MACOSX_DEPLOYMENT_TARGET = 10.11;
				MTL_ENABLE_DEBUG_INFO = NO;
				SDKROOT = macosx;
			};
			name = Release;
		};
		56890C8C1C7705F800DF5150 /* Debug */ = {
			isa = XCBuildConfiguration;
			buildSettings = {
				PRODUCT_NAME = "$(TARGET_NAME)";
			};
			name = Debug;
		};
		56890C8D1C7705F800DF5150 /* Release */ = {
			isa = XCBuildConfiguration;
			buildSettings = {
				PRODUCT_NAME = "$(TARGET_NAME)";
			};
			name = Release;
		};
/* End XCBuildConfiguration section */

/* Begin XCConfigurationList section */
		56890C7F1C7705F800DF5150 /* Build configuration list for PBXProject "MachineLearningToolKit" */ = {
			isa = XCConfigurationList;
			buildConfigurations = (
				56890C891C7705F800DF5150 /* Debug */,
				56890C8A1C7705F800DF5150 /* Release */,
			);
			defaultConfigurationIsVisible = 0;
			defaultConfigurationName = Release;
		};
		56890C8B1C7705F800DF5150 /* Build configuration list for PBXNativeTarget "MachineLearningToolKit" */ = {
			isa = XCConfigurationList;
			buildConfigurations = (
				56890C8C1C7705F800DF5150 /* Debug */,
				56890C8D1C7705F800DF5150 /* Release */,
			);
			defaultConfigurationIsVisible = 0;
		};
/* End XCConfigurationList section */
	};
	rootObject = 56890C7C1C7705F800DF5150 /* Project object */;
}
